// !$*UTF8*$!
{
	archiveVersion = 1;
	classes = {
	};
	objectVersion = 46;
	objects = {

/* Begin PBXBuildFile section */
		9E53903F1C64133900A19CE8 /* pobool.swift in Sources */ = {isa = PBXBuildFile; fileRef = 9E53903E1C64133900A19CE8 /* pobool.swift */; };
		9E7C5C601C65B1F500A19CE8 /* pocomplex.swift in Sources */ = {isa = PBXBuildFile; fileRef = 9E7C5C5F1C65B1F500A19CE8 /* pocomplex.swift */; };
		9EC1A9D71C6715AB00A19CE8 /* porational.swift in Sources */ = {isa = PBXBuildFile; fileRef = 9EC1A9D61C6715AB00A19CE8 /* porational.swift */; };
		9EE8AFA61C63731400A19CE8 /* ponumber.swift in Sources */ = {isa = PBXBuildFile; fileRef = 9EE8AFA51C63731400A19CE8 /* ponumber.swift */; };
		9EE8AFA81C63757C00A19CE8 /* poextraops.swift in Sources */ = {isa = PBXBuildFile; fileRef = 9EE8AFA71C63757C00A19CE8 /* poextraops.swift */; };
		9EE8AFAA1C63768F00A19CE8 /* pointeger.swift in Sources */ = {isa = PBXBuildFile; fileRef = 9EE8AFA91C63768F00A19CE8 /* pointeger.swift */; };
		9EE8AFAC1C63785400A19CE8 /* poreal.swift in Sources */ = {isa = PBXBuildFile; fileRef = 9EE8AFAB1C63785400A19CE8 /* poreal.swift */; };
		9EE8AFB01C639C6800A19CE8 /* pobiguint.swift in Sources */ = {isa = PBXBuildFile; fileRef = 9EE8AFAF1C639C6800A19CE8 /* pobiguint.swift */; };
		9EE8AFB21C639D7D00A19CE8 /* tap.swift in Sources */ = {isa = PBXBuildFile; fileRef = 9EE8AFB11C639D7D00A19CE8 /* tap.swift */; };
		9EE8AFB41C639D8500A19CE8 /* main.swift in Sources */ = {isa = PBXBuildFile; fileRef = 9EE8AFB31C639D8500A19CE8 /* main.swift */; };
		9EE8AFB61C639EF100A19CE8 /* pobigint.swift in Sources */ = {isa = PBXBuildFile; fileRef = 9EE8AFB51C639EF100A19CE8 /* pobigint.swift */; };
/* End PBXBuildFile section */

/* Begin PBXCopyFilesBuildPhase section */
		9EE8AF961C6371F300A19CE8 /* CopyFiles */ = {
			isa = PBXCopyFilesBuildPhase;
			buildActionMask = 2147483647;
			dstPath = /usr/share/man/man1/;
			dstSubfolderSpec = 0;
			files = (
			);
			runOnlyForDeploymentPostprocessing = 1;
		};
/* End PBXCopyFilesBuildPhase section */

/* Begin PBXFileReference section */
		9E53903E1C64133900A19CE8 /* pobool.swift */ = {isa = PBXFileReference; fileEncoding = 4; lastKnownFileType = sourcecode.swift; path = pobool.swift; sourceTree = "<group>"; };
		9E7C5C5F1C65B1F500A19CE8 /* pocomplex.swift */ = {isa = PBXFileReference; fileEncoding = 4; lastKnownFileType = sourcecode.swift; path = pocomplex.swift; sourceTree = "<group>"; };
		9EC1A9D61C6715AB00A19CE8 /* porational.swift */ = {isa = PBXFileReference; fileEncoding = 4; lastKnownFileType = sourcecode.swift; path = porational.swift; sourceTree = "<group>"; };
		9EE8AF981C6371F300A19CE8 /* pons */ = {isa = PBXFileReference; explicitFileType = "compiled.mach-o.executable"; includeInIndex = 0; path = pons; sourceTree = BUILT_PRODUCTS_DIR; };
		9EE8AFA51C63731400A19CE8 /* ponumber.swift */ = {isa = PBXFileReference; fileEncoding = 4; lastKnownFileType = sourcecode.swift; path = ponumber.swift; sourceTree = "<group>"; };
		9EE8AFA71C63757C00A19CE8 /* poextraops.swift */ = {isa = PBXFileReference; fileEncoding = 4; lastKnownFileType = sourcecode.swift; path = poextraops.swift; sourceTree = "<group>"; };
		9EE8AFA91C63768F00A19CE8 /* pointeger.swift */ = {isa = PBXFileReference; fileEncoding = 4; lastKnownFileType = sourcecode.swift; path = pointeger.swift; sourceTree = "<group>"; };
		9EE8AFAB1C63785400A19CE8 /* poreal.swift */ = {isa = PBXFileReference; fileEncoding = 4; lastKnownFileType = sourcecode.swift; path = poreal.swift; sourceTree = "<group>"; };
		9EE8AFAF1C639C6800A19CE8 /* pobiguint.swift */ = {isa = PBXFileReference; fileEncoding = 4; lastKnownFileType = sourcecode.swift; path = pobiguint.swift; sourceTree = "<group>"; };
		9EE8AFB11C639D7D00A19CE8 /* tap.swift */ = {isa = PBXFileReference; fileEncoding = 4; lastKnownFileType = sourcecode.swift; name = tap.swift; path = test/tap.swift; sourceTree = SOURCE_ROOT; };
		9EE8AFB31C639D8500A19CE8 /* main.swift */ = {isa = PBXFileReference; fileEncoding = 4; lastKnownFileType = sourcecode.swift; name = main.swift; path = test/main.swift; sourceTree = SOURCE_ROOT; };
		9EE8AFB51C639EF100A19CE8 /* pobigint.swift */ = {isa = PBXFileReference; fileEncoding = 4; lastKnownFileType = sourcecode.swift; path = pobigint.swift; sourceTree = "<group>"; };
/* End PBXFileReference section */

/* Begin PBXFrameworksBuildPhase section */
		9EE8AF951C6371F300A19CE8 /* Frameworks */ = {
			isa = PBXFrameworksBuildPhase;
			buildActionMask = 2147483647;
			files = (
			);
			runOnlyForDeploymentPostprocessing = 0;
		};
/* End PBXFrameworksBuildPhase section */

/* Begin PBXGroup section */
		9EE8AF8F1C6371F300A19CE8 = {
			isa = PBXGroup;
			children = (
				9EE8AF9A1C6371F300A19CE8 /* pons */,
				9EE8AFA21C6372B600A19CE8 /* test */,
				9EE8AF991C6371F300A19CE8 /* Products */,
			);
			sourceTree = "<group>";
		};
		9EE8AF991C6371F300A19CE8 /* Products */ = {
			isa = PBXGroup;
			children = (
				9EE8AF981C6371F300A19CE8 /* pons */,
			);
			name = Products;
			sourceTree = "<group>";
		};
		9EE8AF9A1C6371F300A19CE8 /* pons */ = {
			isa = PBXGroup;
			children = (
				9E53903E1C64133900A19CE8 /* pobool.swift */,
				9EE8AFA51C63731400A19CE8 /* ponumber.swift */,
				9EE8AFA91C63768F00A19CE8 /* pointeger.swift */,
				9EE8AFAB1C63785400A19CE8 /* poreal.swift */,
				9EC1A9D61C6715AB00A19CE8 /* porational.swift */,
				9EE8AFAF1C639C6800A19CE8 /* pobiguint.swift */,
				9EE8AFB51C639EF100A19CE8 /* pobigint.swift */,
				9E7C5C5F1C65B1F500A19CE8 /* pocomplex.swift */,
				9EE8AFA71C63757C00A19CE8 /* poextraops.swift */,
			);
			path = pons;
			sourceTree = "<group>";
		};
		9EE8AFA21C6372B600A19CE8 /* test */ = {
			isa = PBXGroup;
			children = (
				9EE8AFB31C639D8500A19CE8 /* main.swift */,
				9EE8AFB11C639D7D00A19CE8 /* tap.swift */,
			);
			name = test;
			path = ../test;
			sourceTree = "<group>";
		};
/* End PBXGroup section */

/* Begin PBXNativeTarget section */
		9EE8AF971C6371F300A19CE8 /* pons */ = {
			isa = PBXNativeTarget;
			buildConfigurationList = 9EE8AF9F1C6371F300A19CE8 /* Build configuration list for PBXNativeTarget "pons" */;
			buildPhases = (
				9EE8AF941C6371F300A19CE8 /* Sources */,
				9EE8AF951C6371F300A19CE8 /* Frameworks */,
				9EE8AF961C6371F300A19CE8 /* CopyFiles */,
			);
			buildRules = (
			);
			dependencies = (
			);
			name = pons;
			productName = pons;
			productReference = 9EE8AF981C6371F300A19CE8 /* pons */;
			productType = "com.apple.product-type.tool";
		};
/* End PBXNativeTarget section */

/* Begin PBXProject section */
		9EE8AF901C6371F300A19CE8 /* Project object */ = {
			isa = PBXProject;
			attributes = {
				LastSwiftUpdateCheck = 0720;
				LastUpgradeCheck = 0720;
				ORGANIZATIONNAME = "Dan Kogai";
				TargetAttributes = {
					9EE8AF971C6371F300A19CE8 = {
						CreatedOnToolsVersion = 7.2;
					};
				};
			};
			buildConfigurationList = 9EE8AF931C6371F300A19CE8 /* Build configuration list for PBXProject "pons" */;
			compatibilityVersion = "Xcode 3.2";
			developmentRegion = English;
			hasScannedForEncodings = 0;
			knownRegions = (
				en,
			);
			mainGroup = 9EE8AF8F1C6371F300A19CE8;
			productRefGroup = 9EE8AF991C6371F300A19CE8 /* Products */;
			projectDirPath = "";
			projectRoot = "";
			targets = (
				9EE8AF971C6371F300A19CE8 /* pons */,
			);
		};
/* End PBXProject section */

/* Begin PBXSourcesBuildPhase section */
		9EE8AF941C6371F300A19CE8 /* Sources */ = {
			isa = PBXSourcesBuildPhase;
			buildActionMask = 2147483647;
			files = (
				9EE8AFAC1C63785400A19CE8 /* poreal.swift in Sources */,
				9EE8AFB41C639D8500A19CE8 /* main.swift in Sources */,
				9EC1A9D71C6715AB00A19CE8 /* porational.swift in Sources */,
				9EE8AFB01C639C6800A19CE8 /* pobiguint.swift in Sources */,
				9EE8AFA81C63757C00A19CE8 /* poextraops.swift in Sources */,
				9EE8AFA61C63731400A19CE8 /* ponumber.swift in Sources */,
				9E7C5C601C65B1F500A19CE8 /* pocomplex.swift in Sources */,
				9EE8AFB61C639EF100A19CE8 /* pobigint.swift in Sources */,
				9EE8AFAA1C63768F00A19CE8 /* pointeger.swift in Sources */,
				9EE8AFB21C639D7D00A19CE8 /* tap.swift in Sources */,
				9E53903F1C64133900A19CE8 /* pobool.swift in Sources */,
			);
			runOnlyForDeploymentPostprocessing = 0;
		};
/* End PBXSourcesBuildPhase section */

/* Begin XCBuildConfiguration section */
		9EE8AF9D1C6371F300A19CE8 /* Debug */ = {
			isa = XCBuildConfiguration;
			buildSettings = {
				ALWAYS_SEARCH_USER_PATHS = NO;
				CLANG_CXX_LANGUAGE_STANDARD = "gnu++0x";
				CLANG_CXX_LIBRARY = "libc++";
				CLANG_ENABLE_MODULES = YES;
				CLANG_ENABLE_OBJC_ARC = YES;
				CLANG_WARN_BOOL_CONVERSION = YES;
				CLANG_WARN_CONSTANT_CONVERSION = YES;
				CLANG_WARN_DIRECT_OBJC_ISA_USAGE = YES_ERROR;
				CLANG_WARN_EMPTY_BODY = YES;
				CLANG_WARN_ENUM_CONVERSION = YES;
				CLANG_WARN_INT_CONVERSION = YES;
				CLANG_WARN_OBJC_ROOT_CLASS = YES_ERROR;
				CLANG_WARN_UNREACHABLE_CODE = YES;
				CLANG_WARN__DUPLICATE_METHOD_MATCH = YES;
				CODE_SIGN_IDENTITY = "-";
				COPY_PHASE_STRIP = NO;
				DEBUG_INFORMATION_FORMAT = dwarf;
				ENABLE_STRICT_OBJC_MSGSEND = YES;
				ENABLE_TESTABILITY = YES;
				GCC_C_LANGUAGE_STANDARD = gnu99;
				GCC_DYNAMIC_NO_PIC = NO;
				GCC_NO_COMMON_BLOCKS = YES;
				GCC_OPTIMIZATION_LEVEL = 0;
				GCC_PREPROCESSOR_DEFINITIONS = (
					"DEBUG=1",
					"$(inherited)",
				);
				GCC_WARN_64_TO_32_BIT_CONVERSION = YES;
				GCC_WARN_ABOUT_RETURN_TYPE = YES_ERROR;
				GCC_WARN_UNDECLARED_SELECTOR = YES;
				GCC_WARN_UNINITIALIZED_AUTOS = YES_AGGRESSIVE;
				GCC_WARN_UNUSED_FUNCTION = YES;
				GCC_WARN_UNUSED_VARIABLE = YES;
				MACOSX_DEPLOYMENT_TARGET = 10.11;
				MTL_ENABLE_DEBUG_INFO = YES;
				ONLY_ACTIVE_ARCH = YES;
				SDKROOT = macosx;
				SWIFT_OPTIMIZATION_LEVEL = "-Onone";
			};
			name = Debug;
		};
		9EE8AF9E1C6371F300A19CE8 /* Release */ = {
			isa = XCBuildConfiguration;
			buildSettings = {
				ALWAYS_SEARCH_USER_PATHS = NO;
				CLANG_CXX_LANGUAGE_STANDARD = "gnu++0x";
				CLANG_CXX_LIBRARY = "libc++";
				CLANG_ENABLE_MODULES = YES;
				CLANG_ENABLE_OBJC_ARC = YES;
				CLANG_WARN_BOOL_CONVERSION = YES;
				CLANG_WARN_CONSTANT_CONVERSION = YES;
				CLANG_WARN_DIRECT_OBJC_ISA_USAGE = YES_ERROR;
				CLANG_WARN_EMPTY_BODY = YES;
				CLANG_WARN_ENUM_CONVERSION = YES;
				CLANG_WARN_INT_CONVERSION = YES;
				CLANG_WARN_OBJC_ROOT_CLASS = YES_ERROR;
				CLANG_WARN_UNREACHABLE_CODE = YES;
				CLANG_WARN__DUPLICATE_METHOD_MATCH = YES;
				CODE_SIGN_IDENTITY = "-";
				COPY_PHASE_STRIP = NO;
				DEBUG_INFORMATION_FORMAT = "dwarf-with-dsym";
				ENABLE_NS_ASSERTIONS = NO;
				ENABLE_STRICT_OBJC_MSGSEND = YES;
				GCC_C_LANGUAGE_STANDARD = gnu99;
				GCC_NO_COMMON_BLOCKS = YES;
				GCC_WARN_64_TO_32_BIT_CONVERSION = YES;
				GCC_WARN_ABOUT_RETURN_TYPE = YES_ERROR;
				GCC_WARN_UNDECLARED_SELECTOR = YES;
				GCC_WARN_UNINITIALIZED_AUTOS = YES_AGGRESSIVE;
				GCC_WARN_UNUSED_FUNCTION = YES;
				GCC_WARN_UNUSED_VARIABLE = YES;
				MACOSX_DEPLOYMENT_TARGET = 10.11;
				MTL_ENABLE_DEBUG_INFO = NO;
				SDKROOT = macosx;
			};
			name = Release;
		};
		9EE8AFA01C6371F300A19CE8 /* Debug */ = {
			isa = XCBuildConfiguration;
			buildSettings = {
				PRODUCT_NAME = "$(TARGET_NAME)";
			};
			name = Debug;
		};
		9EE8AFA11C6371F300A19CE8 /* Release */ = {
			isa = XCBuildConfiguration;
			buildSettings = {
				PRODUCT_NAME = "$(TARGET_NAME)";
			};
			name = Release;
		};
/* End XCBuildConfiguration section */

/* Begin XCConfigurationList section */
		9EE8AF931C6371F300A19CE8 /* Build configuration list for PBXProject "pons" */ = {
			isa = XCConfigurationList;
			buildConfigurations = (
				9EE8AF9D1C6371F300A19CE8 /* Debug */,
				9EE8AF9E1C6371F300A19CE8 /* Release */,
			);
			defaultConfigurationIsVisible = 0;
			defaultConfigurationName = Release;
		};
		9EE8AF9F1C6371F300A19CE8 /* Build configuration list for PBXNativeTarget "pons" */ = {
			isa = XCConfigurationList;
			buildConfigurations = (
				9EE8AFA01C6371F300A19CE8 /* Debug */,
				9EE8AFA11C6371F300A19CE8 /* Release */,
			);
			defaultConfigurationIsVisible = 0;
			defaultConfigurationName = Release;
		};
/* End XCConfigurationList section */
	};
	rootObject = 9EE8AF901C6371F300A19CE8 /* Project object */;
}
